// !$*UTF8*$!
{
	archiveVersion = 1;
	classes = {
	};
	objectVersion = 50;
	objects = {

/* Begin PBXBuildFile section */
		D81072AC220B74500089E0A9 /* AppDelegate.swift in Sources */ = {isa = PBXBuildFile; fileRef = D81072AB220B74500089E0A9 /* AppDelegate.swift */; };
		D81072AE220B74500089E0A9 /* ViewController.swift in Sources */ = {isa = PBXBuildFile; fileRef = D81072AD220B74500089E0A9 /* ViewController.swift */; };
		D81072B1220B74500089E0A9 /* Main.storyboard in Resources */ = {isa = PBXBuildFile; fileRef = D81072AF220B74500089E0A9 /* Main.storyboard */; };
		D81072B3220B74520089E0A9 /* Assets.xcassets in Resources */ = {isa = PBXBuildFile; fileRef = D81072B2220B74520089E0A9 /* Assets.xcassets */; };
		D81072B6220B74520089E0A9 /* LaunchScreen.storyboard in Resources */ = {isa = PBXBuildFile; fileRef = D81072B4220B74520089E0A9 /* LaunchScreen.storyboard */; };
		D81072C0220B794E0089E0A9 /* SettingsVC.swift in Sources */ = {isa = PBXBuildFile; fileRef = D81072BF220B794E0089E0A9 /* SettingsVC.swift */; };
		D81072C2220B79620089E0A9 /* HistoryVC.swift in Sources */ = {isa = PBXBuildFile; fileRef = D81072C1220B79620089E0A9 /* HistoryVC.swift */; };
		D81072C4220B79720089E0A9 /* StateVC.swift in Sources */ = {isa = PBXBuildFile; fileRef = D81072C3220B79720089E0A9 /* StateVC.swift */; };
		D82106AA2218782200FACFDC /* CircleView.swift in Sources */ = {isa = PBXBuildFile; fileRef = D82106A92218782200FACFDC /* CircleView.swift */; };
		D854FCEB2212C82200597A20 /* HistoryTableViewCell.swift in Sources */ = {isa = PBXBuildFile; fileRef = D854FCEA2212C82200597A20 /* HistoryTableViewCell.swift */; };
		D85650A422199EC4002B9AE9 /* PromilleCalculator.swift in Sources */ = {isa = PBXBuildFile; fileRef = D85650A322199EC4002B9AE9 /* PromilleCalculator.swift */; };
		D8742E52220DCA93009BC513 /* AlcoListVC.swift in Sources */ = {isa = PBXBuildFile; fileRef = D8742E51220DCA93009BC513 /* AlcoListVC.swift */; };
		D87670112211C77A00E6212A /* AddDrinkVC.swift in Sources */ = {isa = PBXBuildFile; fileRef = D87670102211C77A00E6212A /* AddDrinkVC.swift */; };
		D8ECAEE6220E36F5001EA144 /* AlcoTableViewCell.swift in Sources */ = {isa = PBXBuildFile; fileRef = D8ECAEE5220E36F5001EA144 /* AlcoTableViewCell.swift */; };
/* End PBXBuildFile section */

/* Begin PBXFileReference section */
		D81072A8220B74500089E0A9 /* Alkotester.app */ = {isa = PBXFileReference; explicitFileType = wrapper.application; includeInIndex = 0; path = Alkotester.app; sourceTree = BUILT_PRODUCTS_DIR; };
		D81072AB220B74500089E0A9 /* AppDelegate.swift */ = {isa = PBXFileReference; lastKnownFileType = sourcecode.swift; path = AppDelegate.swift; sourceTree = "<group>"; };
		D81072AD220B74500089E0A9 /* ViewController.swift */ = {isa = PBXFileReference; lastKnownFileType = sourcecode.swift; path = ViewController.swift; sourceTree = "<group>"; };
		D81072B0220B74500089E0A9 /* Base */ = {isa = PBXFileReference; lastKnownFileType = file.storyboard; name = Base; path = Base.lproj/Main.storyboard; sourceTree = "<group>"; };
		D81072B2220B74520089E0A9 /* Assets.xcassets */ = {isa = PBXFileReference; lastKnownFileType = folder.assetcatalog; path = Assets.xcassets; sourceTree = "<group>"; };
		D81072B5220B74520089E0A9 /* Base */ = {isa = PBXFileReference; lastKnownFileType = file.storyboard; name = Base; path = Base.lproj/LaunchScreen.storyboard; sourceTree = "<group>"; };
		D81072B7220B74520089E0A9 /* Info.plist */ = {isa = PBXFileReference; lastKnownFileType = text.plist.xml; path = Info.plist; sourceTree = "<group>"; };
		D81072BF220B794E0089E0A9 /* SettingsVC.swift */ = {isa = PBXFileReference; lastKnownFileType = sourcecode.swift; path = SettingsVC.swift; sourceTree = "<group>"; };
		D81072C1220B79620089E0A9 /* HistoryVC.swift */ = {isa = PBXFileReference; lastKnownFileType = sourcecode.swift; path = HistoryVC.swift; sourceTree = "<group>"; };
		D81072C3220B79720089E0A9 /* StateVC.swift */ = {isa = PBXFileReference; lastKnownFileType = sourcecode.swift; path = StateVC.swift; sourceTree = "<group>"; };
		D82106A92218782200FACFDC /* CircleView.swift */ = {isa = PBXFileReference; lastKnownFileType = sourcecode.swift; path = CircleView.swift; sourceTree = "<group>"; };
		D854FCEA2212C82200597A20 /* HistoryTableViewCell.swift */ = {isa = PBXFileReference; lastKnownFileType = sourcecode.swift; path = HistoryTableViewCell.swift; sourceTree = "<group>"; };
		D85650A322199EC4002B9AE9 /* PromilleCalculator.swift */ = {isa = PBXFileReference; lastKnownFileType = sourcecode.swift; path = PromilleCalculator.swift; sourceTree = "<group>"; };
		D8742E51220DCA93009BC513 /* AlcoListVC.swift */ = {isa = PBXFileReference; lastKnownFileType = sourcecode.swift; path = AlcoListVC.swift; sourceTree = "<group>"; };
		D87670102211C77A00E6212A /* AddDrinkVC.swift */ = {isa = PBXFileReference; lastKnownFileType = sourcecode.swift; path = AddDrinkVC.swift; sourceTree = "<group>"; };
		D8ECAEE5220E36F5001EA144 /* AlcoTableViewCell.swift */ = {isa = PBXFileReference; lastKnownFileType = sourcecode.swift; path = AlcoTableViewCell.swift; sourceTree = "<group>"; };
/* End PBXFileReference section */

/* Begin PBXFrameworksBuildPhase section */
		D81072A5220B74500089E0A9 /* Frameworks */ = {
			isa = PBXFrameworksBuildPhase;
			buildActionMask = 2147483647;
			files = (
			);
			runOnlyForDeploymentPostprocessing = 0;
		};
/* End PBXFrameworksBuildPhase section */

/* Begin PBXGroup section */
		D810729F220B74500089E0A9 = {
			isa = PBXGroup;
			children = (
				D81072AA220B74500089E0A9 /* Alkotester */,
				D81072A9220B74500089E0A9 /* Products */,
			);
			sourceTree = "<group>";
		};
		D81072A9220B74500089E0A9 /* Products */ = {
			isa = PBXGroup;
			children = (
				D81072A8220B74500089E0A9 /* Alkotester.app */,
			);
			name = Products;
			sourceTree = "<group>";
		};
		D81072AA220B74500089E0A9 /* Alkotester */ = {
			isa = PBXGroup;
			children = (
				D81072AB220B74500089E0A9 /* AppDelegate.swift */,
				D85650A322199EC4002B9AE9 /* PromilleCalculator.swift */,
				D87670102211C77A00E6212A /* AddDrinkVC.swift */,
				D81072BF220B794E0089E0A9 /* SettingsVC.swift */,
				D81072C3220B79720089E0A9 /* StateVC.swift */,
				D81072C1220B79620089E0A9 /* HistoryVC.swift */,
				D81072AD220B74500089E0A9 /* ViewController.swift */,
				D8742E51220DCA93009BC513 /* AlcoListVC.swift */,
				D8ECAEE5220E36F5001EA144 /* AlcoTableViewCell.swift */,
				D854FCEA2212C82200597A20 /* HistoryTableViewCell.swift */,
				D82106A92218782200FACFDC /* CircleView.swift */,
				D81072AF220B74500089E0A9 /* Main.storyboard */,
				D81072B2220B74520089E0A9 /* Assets.xcassets */,
				D81072B4220B74520089E0A9 /* LaunchScreen.storyboard */,
				D81072B7220B74520089E0A9 /* Info.plist */,
			);
			path = Alkotester;
			sourceTree = "<group>";
		};
/* End PBXGroup section */

/* Begin PBXNativeTarget section */
		D81072A7220B74500089E0A9 /* Alkotester */ = {
			isa = PBXNativeTarget;
			buildConfigurationList = D81072BA220B74520089E0A9 /* Build configuration list for PBXNativeTarget "Alkotester" */;
			buildPhases = (
				D81072A4220B74500089E0A9 /* Sources */,
				D81072A5220B74500089E0A9 /* Frameworks */,
				D81072A6220B74500089E0A9 /* Resources */,
			);
			buildRules = (
			);
			dependencies = (
			);
			name = Alkotester;
			productName = Alkotester;
			productReference = D81072A8220B74500089E0A9 /* Alkotester.app */;
			productType = "com.apple.product-type.application";
		};
/* End PBXNativeTarget section */

/* Begin PBXProject section */
		D81072A0220B74500089E0A9 /* Project object */ = {
			isa = PBXProject;
			attributes = {
				LastSwiftUpdateCheck = 1010;
				LastUpgradeCheck = 1010;
				ORGANIZATIONNAME = "Ekaterina Kozlova";
				TargetAttributes = {
					D81072A7220B74500089E0A9 = {
						CreatedOnToolsVersion = 10.1;
					};
				};
			};
			buildConfigurationList = D81072A3220B74500089E0A9 /* Build configuration list for PBXProject "Alkotester" */;
			compatibilityVersion = "Xcode 9.3";
			developmentRegion = en;
			hasScannedForEncodings = 0;
			knownRegions = (
				en,
				Base,
			);
			mainGroup = D810729F220B74500089E0A9;
			productRefGroup = D81072A9220B74500089E0A9 /* Products */;
			projectDirPath = "";
			projectRoot = "";
			targets = (
				D81072A7220B74500089E0A9 /* Alkotester */,
			);
		};
/* End PBXProject section */

/* Begin PBXResourcesBuildPhase section */
		D81072A6220B74500089E0A9 /* Resources */ = {
			isa = PBXResourcesBuildPhase;
			buildActionMask = 2147483647;
			files = (
				D81072B6220B74520089E0A9 /* LaunchScreen.storyboard in Resources */,
				D81072B3220B74520089E0A9 /* Assets.xcassets in Resources */,
				D81072B1220B74500089E0A9 /* Main.storyboard in Resources */,
			);
			runOnlyForDeploymentPostprocessing = 0;
		};
/* End PBXResourcesBuildPhase section */

/* Begin PBXSourcesBuildPhase section */
		D81072A4220B74500089E0A9 /* Sources */ = {
			isa = PBXSourcesBuildPhase;
			buildActionMask = 2147483647;
			files = (
				D854FCEB2212C82200597A20 /* HistoryTableViewCell.swift in Sources */,
				D81072C4220B79720089E0A9 /* StateVC.swift in Sources */,
				D85650A422199EC4002B9AE9 /* PromilleCalculator.swift in Sources */,
				D81072C2220B79620089E0A9 /* HistoryVC.swift in Sources */,
				D81072C0220B794E0089E0A9 /* SettingsVC.swift in Sources */,
				D8ECAEE6220E36F5001EA144 /* AlcoTableViewCell.swift in Sources */,
				D81072AE220B74500089E0A9 /* ViewController.swift in Sources */,
				D82106AA2218782200FACFDC /* CircleView.swift in Sources */,
				D8742E52220DCA93009BC513 /* AlcoListVC.swift in Sources */,
				D81072AC220B74500089E0A9 /* AppDelegate.swift in Sources */,
				D87670112211C77A00E6212A /* AddDrinkVC.swift in Sources */,
			);
			runOnlyForDeploymentPostprocessing = 0;
		};
/* End PBXSourcesBuildPhase section */

/* Begin PBXVariantGroup section */
		D81072AF220B74500089E0A9 /* Main.storyboard */ = {
			isa = PBXVariantGroup;
			children = (
				D81072B0220B74500089E0A9 /* Base */,
			);
			name = Main.storyboard;
			sourceTree = "<group>";
		};
		D81072B4220B74520089E0A9 /* LaunchScreen.storyboard */ = {
			isa = PBXVariantGroup;
			children = (
				D81072B5220B74520089E0A9 /* Base */,
			);
			name = LaunchScreen.storyboard;
			sourceTree = "<group>";
		};
/* End PBXVariantGroup section */

/* Begin XCBuildConfiguration section */
		D81072B8220B74520089E0A9 /* Debug */ = {
			isa = XCBuildConfiguration;
			buildSettings = {
				ALWAYS_SEARCH_USER_PATHS = NO;
				CLANG_ANALYZER_NONNULL = YES;
				CLANG_ANALYZER_NUMBER_OBJECT_CONVERSION = YES_AGGRESSIVE;
				CLANG_CXX_LANGUAGE_STANDARD = "gnu++14";
				CLANG_CXX_LIBRARY = "libc++";
				CLANG_ENABLE_MODULES = YES;
				CLANG_ENABLE_OBJC_ARC = YES;
				CLANG_ENABLE_OBJC_WEAK = YES;
				CLANG_WARN_BLOCK_CAPTURE_AUTORELEASING = YES;
				CLANG_WARN_BOOL_CONVERSION = YES;
				CLANG_WARN_COMMA = YES;
				CLANG_WARN_CONSTANT_CONVERSION = YES;
				CLANG_WARN_DEPRECATED_OBJC_IMPLEMENTATIONS = YES;
				CLANG_WARN_DIRECT_OBJC_ISA_USAGE = YES_ERROR;
				CLANG_WARN_DOCUMENTATION_COMMENTS = YES;
				CLANG_WARN_EMPTY_BODY = YES;
				CLANG_WARN_ENUM_CONVERSION = YES;
				CLANG_WARN_INFINITE_RECURSION = YES;
				CLANG_WARN_INT_CONVERSION = YES;
				CLANG_WARN_NON_LITERAL_NULL_CONVERSION = YES;
				CLANG_WARN_OBJC_IMPLICIT_RETAIN_SELF = YES;
				CLANG_WARN_OBJC_LITERAL_CONVERSION = YES;
				CLANG_WARN_OBJC_ROOT_CLASS = YES_ERROR;
				CLANG_WARN_RANGE_LOOP_ANALYSIS = YES;
				CLANG_WARN_STRICT_PROTOTYPES = YES;
				CLANG_WARN_SUSPICIOUS_MOVE = YES;
				CLANG_WARN_UNGUARDED_AVAILABILITY = YES_AGGRESSIVE;
				CLANG_WARN_UNREACHABLE_CODE = YES;
				CLANG_WARN__DUPLICATE_METHOD_MATCH = YES;
				CODE_SIGN_IDENTITY = "iPhone Developer";
				COPY_PHASE_STRIP = NO;
				DEBUG_INFORMATION_FORMAT = dwarf;
				ENABLE_STRICT_OBJC_MSGSEND = YES;
				ENABLE_TESTABILITY = YES;
				GCC_C_LANGUAGE_STANDARD = gnu11;
				GCC_DYNAMIC_NO_PIC = NO;
				GCC_NO_COMMON_BLOCKS = YES;
				GCC_OPTIMIZATION_LEVEL = 0;
				GCC_PREPROCESSOR_DEFINITIONS = (
					"DEBUG=1",
					"$(inherited)",
				);
				GCC_WARN_64_TO_32_BIT_CONVERSION = YES;
				GCC_WARN_ABOUT_RETURN_TYPE = YES_ERROR;
				GCC_WARN_UNDECLARED_SELECTOR = YES;
				GCC_WARN_UNINITIALIZED_AUTOS = YES_AGGRESSIVE;
				GCC_WARN_UNUSED_FUNCTION = YES;
				GCC_WARN_UNUSED_VARIABLE = YES;
				IPHONEOS_DEPLOYMENT_TARGET = 12.1;
				MTL_ENABLE_DEBUG_INFO = INCLUDE_SOURCE;
				MTL_FAST_MATH = YES;
				ONLY_ACTIVE_ARCH = YES;
				SDKROOT = iphoneos;
				SWIFT_ACTIVE_COMPILATION_CONDITIONS = DEBUG;
				SWIFT_OPTIMIZATION_LEVEL = "-Onone";
			};
			name = Debug;
		};
		D81072B9220B74520089E0A9 /* Release */ = {
			isa = XCBuildConfiguration;
			buildSettings = {
				ALWAYS_SEARCH_USER_PATHS = NO;
				CLANG_ANALYZER_NONNULL = YES;
				CLANG_ANALYZER_NUMBER_OBJECT_CONVERSION = YES_AGGRESSIVE;
				CLANG_CXX_LANGUAGE_STANDARD = "gnu++14";
				CLANG_CXX_LIBRARY = "libc++";
				CLANG_ENABLE_MODULES = YES;
				CLANG_ENABLE_OBJC_ARC = YES;
				CLANG_ENABLE_OBJC_WEAK = YES;
				CLANG_WARN_BLOCK_CAPTURE_AUTORELEASING = YES;
				CLANG_WARN_BOOL_CONVERSION = YES;
				CLANG_WARN_COMMA = YES;
				CLANG_WARN_CONSTANT_CONVERSION = YES;
				CLANG_WARN_DEPRECATED_OBJC_IMPLEMENTATIONS = YES;
				CLANG_WARN_DIRECT_OBJC_ISA_USAGE = YES_ERROR;
				CLANG_WARN_DOCUMENTATION_COMMENTS = YES;
				CLANG_WARN_EMPTY_BODY = YES;
				CLANG_WARN_ENUM_CONVERSION = YES;
				CLANG_WARN_INFINITE_RECURSION = YES;
				CLANG_WARN_INT_CONVERSION = YES;
				CLANG_WARN_NON_LITERAL_NULL_CONVERSION = YES;
				CLANG_WARN_OBJC_IMPLICIT_RETAIN_SELF = YES;
				CLANG_WARN_OBJC_LITERAL_CONVERSION = YES;
				CLANG_WARN_OBJC_ROOT_CLASS = YES_ERROR;
				CLANG_WARN_RANGE_LOOP_ANALYSIS = YES;
				CLANG_WARN_STRICT_PROTOTYPES = YES;
				CLANG_WARN_SUSPICIOUS_MOVE = YES;
				CLANG_WARN_UNGUARDED_AVAILABILITY = YES_AGGRESSIVE;
				CLANG_WARN_UNREACHABLE_CODE = YES;
				CLANG_WARN__DUPLICATE_METHOD_MATCH = YES;
				CODE_SIGN_IDENTITY = "iPhone Developer";
				COPY_PHASE_STRIP = NO;
				DEBUG_INFORMATION_FORMAT = "dwarf-with-dsym";
				ENABLE_NS_ASSERTIONS = NO;
				ENABLE_STRICT_OBJC_MSGSEND = YES;
				GCC_C_LANGUAGE_STANDARD = gnu11;
				GCC_NO_COMMON_BLOCKS = YES;
				GCC_WARN_64_TO_32_BIT_CONVERSION = YES;
				GCC_WARN_ABOUT_RETURN_TYPE = YES_ERROR;
				GCC_WARN_UNDECLARED_SELECTOR = YES;
				GCC_WARN_UNINITIALIZED_AUTOS = YES_AGGRESSIVE;
				GCC_WARN_UNUSED_FUNCTION = YES;
				GCC_WARN_UNUSED_VARIABLE = YES;
				IPHONEOS_DEPLOYMENT_TARGET = 12.1;
				MTL_ENABLE_DEBUG_INFO = NO;
				MTL_FAST_MATH = YES;
				SDKROOT = iphoneos;
				SWIFT_COMPILATION_MODE = wholemodule;
				SWIFT_OPTIMIZATION_LEVEL = "-O";
				VALIDATE_PRODUCT = YES;
			};
			name = Release;
		};
		D81072BB220B74520089E0A9 /* Debug */ = {
			isa = XCBuildConfiguration;
			buildSettings = {
				ASSETCATALOG_COMPILER_APPICON_NAME = AppIcon;
				CODE_SIGN_STYLE = Automatic;
				DEVELOPMENT_TEAM = TW5RK69FT8;
				INFOPLIST_FILE = Alkotester/Info.plist;
				IPHONEOS_DEPLOYMENT_TARGET = 11.0;
				LD_RUNPATH_SEARCH_PATHS = (
					"$(inherited)",
					"@executable_path/Frameworks",
				);
				PRODUCT_BUNDLE_IDENTIFIER = "-3.Alkotester";
				PRODUCT_NAME = "$(TARGET_NAME)";
				SWIFT_VERSION = 4.2;
				TARGETED_DEVICE_FAMILY = 1;
			};
			name = Debug;
		};
		D81072BC220B74520089E0A9 /* Release */ = {
			isa = XCBuildConfiguration;
			buildSettings = {
				ASSETCATALOG_COMPILER_APPICON_NAME = AppIcon;
				CODE_SIGN_STYLE = Automatic;
				DEVELOPMENT_TEAM = TW5RK69FT8;
				INFOPLIST_FILE = Alkotester/Info.plist;
				IPHONEOS_DEPLOYMENT_TARGET = 11.0;
				LD_RUNPATH_SEARCH_PATHS = (
					"$(inherited)",
					"@executable_path/Frameworks",
				);
				PRODUCT_BUNDLE_IDENTIFIER = "-3.Alkotester";
				PRODUCT_NAME = "$(TARGET_NAME)";
				SWIFT_VERSION = 4.2;
				TARGETED_DEVICE_FAMILY = 1;
			};
			name = Release;
		};
/* End XCBuildConfiguration section */

/* Begin XCConfigurationList section */
		D81072A3220B74500089E0A9 /* Build configuration list for PBXProject "Alkotester" */ = {
			isa = XCConfigurationList;
			buildConfigurations = (
				D81072B8220B74520089E0A9 /* Debug */,
				D81072B9220B74520089E0A9 /* Release */,
			);
			defaultConfigurationIsVisible = 0;
			defaultConfigurationName = Release;
		};
		D81072BA220B74520089E0A9 /* Build configuration list for PBXNativeTarget "Alkotester" */ = {
			isa = XCConfigurationList;
			buildConfigurations = (
				D81072BB220B74520089E0A9 /* Debug */,
				D81072BC220B74520089E0A9 /* Release */,
			);
			defaultConfigurationIsVisible = 0;
			defaultConfigurationName = Release;
		};
/* End XCConfigurationList section */
	};
	rootObject = D81072A0220B74500089E0A9 /* Project object */;
}
